
Microsoft Visual Studio Solution File, Format Version 12.00
# Visual Studio Version 16
VisualStudioVersion = 16.0.29926.136
MinimumVisualStudioVersion = 10.0.40219.1
Project("{FAE04EC0-301F-11D3-BF4B-00C04F79EFBC}") = "CoinbaseClient", "CoinbaseClient\CoinbaseClient.csproj", "{3C652BAA-7775-43BD-B048-627633001324}"
	ProjectSection(ProjectDependencies) = postProject
		{C615333A-DDB6-45FE-B992-E7B982BDD96B} = {C615333A-DDB6-45FE-B992-E7B982BDD96B}
	EndProjectSection
EndProject
Project("{FAE04EC0-301F-11D3-BF4B-00C04F79EFBC}") = "CoinbaseClassLibrary", "CoinbaseClassLibrary\CoinbaseClassLibrary.csproj", "{C615333A-DDB6-45FE-B992-E7B982BDD96B}"
EndProject
Global
	GlobalSection(SolutionConfigurationPlatforms) = preSolution
		Debug|Any CPU = Debug|Any CPU
		Release|Any CPU = Release|Any CPU
	EndGlobalSection
	GlobalSection(ProjectConfigurationPlatforms) = postSolution
		{3C652BAA-7775-43BD-B048-627633001324}.Debug|Any CPU.ActiveCfg = Debug|Any CPU
		{3C652BAA-7775-43BD-B048-627633001324}.Debug|Any CPU.Build.0 = Debug|Any CPU
		{3C652BAA-7775-43BD-B048-627633001324}.Release|Any CPU.ActiveCfg = Release|Any CPU
		{3C652BAA-7775-43BD-B048-627633001324}.Release|Any CPU.Build.0 = Release|Any CPU
		{C615333A-DDB6-45FE-B992-E7B982BDD96B}.Debug|Any CPU.ActiveCfg = Debug|Any CPU
		{C615333A-DDB6-45FE-B992-E7B982BDD96B}.Debug|Any CPU.Build.0 = Debug|Any CPU
		{C615333A-DDB6-45FE-B992-E7B982BDD96B}.Release|Any CPU.ActiveCfg = Release|Any CPU
		{C615333A-DDB6-45FE-B992-E7B982BDD96B}.Release|Any CPU.Build.0 = Release|Any CPU
	EndGlobalSection
	GlobalSection(SolutionProperties) = preSolution
		HideSolutionNode = FALSE
	EndGlobalSection
	GlobalSection(ExtensibilityGlobals) = postSolution
		SolutionGuid = {E69E4C49-AAA1-4059-BAB3-896E890C4993}
	EndGlobalSection
EndGlobal
